// !$*UTF8*$!
{
	archiveVersion = 1;
	classes = {
	};
	objectVersion = 55;
	objects = {

/* Begin PBXBuildFile section */
		248CB787A104120E00CE4D13 /* Pods_tumblr_tumblrUITests.framework in Frameworks */ = {isa = PBXBuildFile; fileRef = 2AE48C0D649BD354C045BA49 /* Pods_tumblr_tumblrUITests.framework */; };
		487DC908C7826C3824E39247 /* Pods_tumblr.framework in Frameworks */ = {isa = PBXBuildFile; fileRef = DF334269CA3763BB3FBF48FE /* Pods_tumblr.framework */; };
		85D10181285B9722002A5A06 /* AppDelegate.m in Sources */ = {isa = PBXBuildFile; fileRef = 85D10180285B9722002A5A06 /* AppDelegate.m */; };
		85D10184285B9722002A5A06 /* SceneDelegate.m in Sources */ = {isa = PBXBuildFile; fileRef = 85D10183285B9722002A5A06 /* SceneDelegate.m */; };
		85D1018A285B9722002A5A06 /* Main.storyboard in Resources */ = {isa = PBXBuildFile; fileRef = 85D10188285B9722002A5A06 /* Main.storyboard */; };
		85D1018C285B9723002A5A06 /* Assets.xcassets in Resources */ = {isa = PBXBuildFile; fileRef = 85D1018B285B9723002A5A06 /* Assets.xcassets */; };
		85D1018F285B9723002A5A06 /* LaunchScreen.storyboard in Resources */ = {isa = PBXBuildFile; fileRef = 85D1018D285B9723002A5A06 /* LaunchScreen.storyboard */; };
		85D10192285B9723002A5A06 /* main.m in Sources */ = {isa = PBXBuildFile; fileRef = 85D10191285B9723002A5A06 /* main.m */; };
		85D1019C285B9723002A5A06 /* tumblrTests.m in Sources */ = {isa = PBXBuildFile; fileRef = 85D1019B285B9723002A5A06 /* tumblrTests.m */; };
		85D101A6285B9723002A5A06 /* tumblrUITests.m in Sources */ = {isa = PBXBuildFile; fileRef = 85D101A5285B9723002A5A06 /* tumblrUITests.m */; };
		85D101A8285B9723002A5A06 /* tumblrUITestsLaunchTests.m in Sources */ = {isa = PBXBuildFile; fileRef = 85D101A7285B9723002A5A06 /* tumblrUITestsLaunchTests.m */; };
		85D101B9285B988B002A5A06 /* PhotosViewController.m in Sources */ = {isa = PBXBuildFile; fileRef = 85D101B8285B988B002A5A06 /* PhotosViewController.m */; };
		85D101BC285B9D3E002A5A06 /* PhotoCell.m in Sources */ = {isa = PBXBuildFile; fileRef = 85D101BB285B9D3E002A5A06 /* PhotoCell.m */; };
		C9D5080EBD806EDB4CA5E500 /* Pods_tumblrTests.framework in Frameworks */ = {isa = PBXBuildFile; fileRef = AC10134B7B927F8375D7596B /* Pods_tumblrTests.framework */; };
/* End PBXBuildFile section */

/* Begin PBXContainerItemProxy section */
		85D10198285B9723002A5A06 /* PBXContainerItemProxy */ = {
			isa = PBXContainerItemProxy;
			containerPortal = 85D10174285B9722002A5A06 /* Project object */;
			proxyType = 1;
			remoteGlobalIDString = 85D1017B285B9722002A5A06;
			remoteInfo = tumblr;
		};
		85D101A2285B9723002A5A06 /* PBXContainerItemProxy */ = {
			isa = PBXContainerItemProxy;
			containerPortal = 85D10174285B9722002A5A06 /* Project object */;
			proxyType = 1;
			remoteGlobalIDString = 85D1017B285B9722002A5A06;
			remoteInfo = tumblr;
		};
/* End PBXContainerItemProxy section */

/* Begin PBXFileReference section */
		2AE48C0D649BD354C045BA49 /* Pods_tumblr_tumblrUITests.framework */ = {isa = PBXFileReference; explicitFileType = wrapper.framework; includeInIndex = 0; path = Pods_tumblr_tumblrUITests.framework; sourceTree = BUILT_PRODUCTS_DIR; };
		3E593E75E812517D809F1E59 /* Pods-tumblr-tumblrUITests.debug.xcconfig */ = {isa = PBXFileReference; includeInIndex = 1; lastKnownFileType = text.xcconfig; name = "Pods-tumblr-tumblrUITests.debug.xcconfig"; path = "Target Support Files/Pods-tumblr-tumblrUITests/Pods-tumblr-tumblrUITests.debug.xcconfig"; sourceTree = "<group>"; };
		5C29EE3E5D80AF7B26D43B83 /* Pods-tumblr.debug.xcconfig */ = {isa = PBXFileReference; includeInIndex = 1; lastKnownFileType = text.xcconfig; name = "Pods-tumblr.debug.xcconfig"; path = "Target Support Files/Pods-tumblr/Pods-tumblr.debug.xcconfig"; sourceTree = "<group>"; };
		7ABF6DD5284B3C412FA6B3B2 /* Pods-tumblrTests.debug.xcconfig */ = {isa = PBXFileReference; includeInIndex = 1; lastKnownFileType = text.xcconfig; name = "Pods-tumblrTests.debug.xcconfig"; path = "Target Support Files/Pods-tumblrTests/Pods-tumblrTests.debug.xcconfig"; sourceTree = "<group>"; };
		85D1017C285B9722002A5A06 /* tumblr.app */ = {isa = PBXFileReference; explicitFileType = wrapper.application; includeInIndex = 0; path = tumblr.app; sourceTree = BUILT_PRODUCTS_DIR; };
		85D1017F285B9722002A5A06 /* AppDelegate.h */ = {isa = PBXFileReference; lastKnownFileType = sourcecode.c.h; path = AppDelegate.h; sourceTree = "<group>"; };
		85D10180285B9722002A5A06 /* AppDelegate.m */ = {isa = PBXFileReference; lastKnownFileType = sourcecode.c.objc; path = AppDelegate.m; sourceTree = "<group>"; };
		85D10182285B9722002A5A06 /* SceneDelegate.h */ = {isa = PBXFileReference; lastKnownFileType = sourcecode.c.h; path = SceneDelegate.h; sourceTree = "<group>"; };
		85D10183285B9722002A5A06 /* SceneDelegate.m */ = {isa = PBXFileReference; lastKnownFileType = sourcecode.c.objc; path = SceneDelegate.m; sourceTree = "<group>"; };
		85D10189285B9722002A5A06 /* Base */ = {isa = PBXFileReference; lastKnownFileType = file.storyboard; name = Base; path = Base.lproj/Main.storyboard; sourceTree = "<group>"; };
		85D1018B285B9723002A5A06 /* Assets.xcassets */ = {isa = PBXFileReference; lastKnownFileType = folder.assetcatalog; path = Assets.xcassets; sourceTree = "<group>"; };
		85D1018E285B9723002A5A06 /* Base */ = {isa = PBXFileReference; lastKnownFileType = file.storyboard; name = Base; path = Base.lproj/LaunchScreen.storyboard; sourceTree = "<group>"; };
		85D10190285B9723002A5A06 /* Info.plist */ = {isa = PBXFileReference; lastKnownFileType = text.plist.xml; path = Info.plist; sourceTree = "<group>"; };
		85D10191285B9723002A5A06 /* main.m */ = {isa = PBXFileReference; lastKnownFileType = sourcecode.c.objc; path = main.m; sourceTree = "<group>"; };
		85D10197285B9723002A5A06 /* tumblrTests.xctest */ = {isa = PBXFileReference; explicitFileType = wrapper.cfbundle; includeInIndex = 0; path = tumblrTests.xctest; sourceTree = BUILT_PRODUCTS_DIR; };
		85D1019B285B9723002A5A06 /* tumblrTests.m */ = {isa = PBXFileReference; lastKnownFileType = sourcecode.c.objc; path = tumblrTests.m; sourceTree = "<group>"; };
		85D101A1285B9723002A5A06 /* tumblrUITests.xctest */ = {isa = PBXFileReference; explicitFileType = wrapper.cfbundle; includeInIndex = 0; path = tumblrUITests.xctest; sourceTree = BUILT_PRODUCTS_DIR; };
		85D101A5285B9723002A5A06 /* tumblrUITests.m */ = {isa = PBXFileReference; lastKnownFileType = sourcecode.c.objc; path = tumblrUITests.m; sourceTree = "<group>"; };
		85D101A7285B9723002A5A06 /* tumblrUITestsLaunchTests.m */ = {isa = PBXFileReference; lastKnownFileType = sourcecode.c.objc; path = tumblrUITestsLaunchTests.m; sourceTree = "<group>"; };
		85D101B7285B988B002A5A06 /* PhotosViewController.h */ = {isa = PBXFileReference; lastKnownFileType = sourcecode.c.h; path = PhotosViewController.h; sourceTree = "<group>"; };
		85D101B8285B988B002A5A06 /* PhotosViewController.m */ = {isa = PBXFileReference; lastKnownFileType = sourcecode.c.objc; path = PhotosViewController.m; sourceTree = "<group>"; };
		85D101BA285B9D3E002A5A06 /* PhotoCell.h */ = {isa = PBXFileReference; lastKnownFileType = sourcecode.c.h; path = PhotoCell.h; sourceTree = "<group>"; };
		85D101BB285B9D3E002A5A06 /* PhotoCell.m */ = {isa = PBXFileReference; lastKnownFileType = sourcecode.c.objc; path = PhotoCell.m; sourceTree = "<group>"; };
		AC10134B7B927F8375D7596B /* Pods_tumblrTests.framework */ = {isa = PBXFileReference; explicitFileType = wrapper.framework; includeInIndex = 0; path = Pods_tumblrTests.framework; sourceTree = BUILT_PRODUCTS_DIR; };
		C74ADE5DB90956FA420FD1FF /* Pods-tumblr.release.xcconfig */ = {isa = PBXFileReference; includeInIndex = 1; lastKnownFileType = text.xcconfig; name = "Pods-tumblr.release.xcconfig"; path = "Target Support Files/Pods-tumblr/Pods-tumblr.release.xcconfig"; sourceTree = "<group>"; };
		D3EEE532955915411719688B /* Pods-tumblr-tumblrUITests.release.xcconfig */ = {isa = PBXFileReference; includeInIndex = 1; lastKnownFileType = text.xcconfig; name = "Pods-tumblr-tumblrUITests.release.xcconfig"; path = "Target Support Files/Pods-tumblr-tumblrUITests/Pods-tumblr-tumblrUITests.release.xcconfig"; sourceTree = "<group>"; };
		DF334269CA3763BB3FBF48FE /* Pods_tumblr.framework */ = {isa = PBXFileReference; explicitFileType = wrapper.framework; includeInIndex = 0; path = Pods_tumblr.framework; sourceTree = BUILT_PRODUCTS_DIR; };
		F42CC0F9E72FB6CD18A3994C /* Pods-tumblrTests.release.xcconfig */ = {isa = PBXFileReference; includeInIndex = 1; lastKnownFileType = text.xcconfig; name = "Pods-tumblrTests.release.xcconfig"; path = "Target Support Files/Pods-tumblrTests/Pods-tumblrTests.release.xcconfig"; sourceTree = "<group>"; };
/* End PBXFileReference section */

/* Begin PBXFrameworksBuildPhase section */
		85D10179285B9722002A5A06 /* Frameworks */ = {
			isa = PBXFrameworksBuildPhase;
			buildActionMask = 2147483647;
			files = (
				487DC908C7826C3824E39247 /* Pods_tumblr.framework in Frameworks */,
			);
			runOnlyForDeploymentPostprocessing = 0;
		};
		85D10194285B9723002A5A06 /* Frameworks */ = {
			isa = PBXFrameworksBuildPhase;
			buildActionMask = 2147483647;
			files = (
				C9D5080EBD806EDB4CA5E500 /* Pods_tumblrTests.framework in Frameworks */,
			);
			runOnlyForDeploymentPostprocessing = 0;
		};
		85D1019E285B9723002A5A06 /* Frameworks */ = {
			isa = PBXFrameworksBuildPhase;
			buildActionMask = 2147483647;
			files = (
				248CB787A104120E00CE4D13 /* Pods_tumblr_tumblrUITests.framework in Frameworks */,
			);
			runOnlyForDeploymentPostprocessing = 0;
		};
/* End PBXFrameworksBuildPhase section */

/* Begin PBXGroup section */
		72EE65090830A55340F859F2 /* Frameworks */ = {
			isa = PBXGroup;
			children = (
				DF334269CA3763BB3FBF48FE /* Pods_tumblr.framework */,
				2AE48C0D649BD354C045BA49 /* Pods_tumblr_tumblrUITests.framework */,
				AC10134B7B927F8375D7596B /* Pods_tumblrTests.framework */,
			);
			name = Frameworks;
			sourceTree = "<group>";
		};
		85D10173285B9722002A5A06 = {
			isa = PBXGroup;
			children = (
				85D1017E285B9722002A5A06 /* tumblr */,
				85D1019A285B9723002A5A06 /* tumblrTests */,
				85D101A4285B9723002A5A06 /* tumblrUITests */,
				85D1017D285B9722002A5A06 /* Products */,
				E0185521EF27336926107E71 /* Pods */,
				72EE65090830A55340F859F2 /* Frameworks */,
			);
			sourceTree = "<group>";
		};
		85D1017D285B9722002A5A06 /* Products */ = {
			isa = PBXGroup;
			children = (
				85D1017C285B9722002A5A06 /* tumblr.app */,
				85D10197285B9723002A5A06 /* tumblrTests.xctest */,
				85D101A1285B9723002A5A06 /* tumblrUITests.xctest */,
			);
			name = Products;
			sourceTree = "<group>";
		};
		85D1017E285B9722002A5A06 /* tumblr */ = {
			isa = PBXGroup;
			children = (
				85D1017F285B9722002A5A06 /* AppDelegate.h */,
				85D10180285B9722002A5A06 /* AppDelegate.m */,
				85D10182285B9722002A5A06 /* SceneDelegate.h */,
				85D10183285B9722002A5A06 /* SceneDelegate.m */,
				85D10188285B9722002A5A06 /* Main.storyboard */,
				85D1018B285B9723002A5A06 /* Assets.xcassets */,
				85D1018D285B9723002A5A06 /* LaunchScreen.storyboard */,
				85D10190285B9723002A5A06 /* Info.plist */,
				85D10191285B9723002A5A06 /* main.m */,
				85D101B7285B988B002A5A06 /* PhotosViewController.h */,
				85D101B8285B988B002A5A06 /* PhotosViewController.m */,
				85D101BA285B9D3E002A5A06 /* PhotoCell.h */,
				85D101BB285B9D3E002A5A06 /* PhotoCell.m */,
			);
			path = tumblr;
			sourceTree = "<group>";
		};
		85D1019A285B9723002A5A06 /* tumblrTests */ = {
			isa = PBXGroup;
			children = (
				85D1019B285B9723002A5A06 /* tumblrTests.m */,
			);
			path = tumblrTests;
			sourceTree = "<group>";
		};
		85D101A4285B9723002A5A06 /* tumblrUITests */ = {
			isa = PBXGroup;
			children = (
				85D101A5285B9723002A5A06 /* tumblrUITests.m */,
				85D101A7285B9723002A5A06 /* tumblrUITestsLaunchTests.m */,
			);
			path = tumblrUITests;
			sourceTree = "<group>";
		};
		E0185521EF27336926107E71 /* Pods */ = {
			isa = PBXGroup;
			children = (
				5C29EE3E5D80AF7B26D43B83 /* Pods-tumblr.debug.xcconfig */,
				C74ADE5DB90956FA420FD1FF /* Pods-tumblr.release.xcconfig */,
				3E593E75E812517D809F1E59 /* Pods-tumblr-tumblrUITests.debug.xcconfig */,
				D3EEE532955915411719688B /* Pods-tumblr-tumblrUITests.release.xcconfig */,
				7ABF6DD5284B3C412FA6B3B2 /* Pods-tumblrTests.debug.xcconfig */,
				F42CC0F9E72FB6CD18A3994C /* Pods-tumblrTests.release.xcconfig */,
			);
			path = Pods;
			sourceTree = "<group>";
		};
/* End PBXGroup section */

/* Begin PBXNativeTarget section */
		85D1017B285B9722002A5A06 /* tumblr */ = {
			isa = PBXNativeTarget;
			buildConfigurationList = 85D101AB285B9723002A5A06 /* Build configuration list for PBXNativeTarget "tumblr" */;
			buildPhases = (
				2D5CF05DE695CE94141FD663 /* [CP] Check Pods Manifest.lock */,
				85D10178285B9722002A5A06 /* Sources */,
				85D10179285B9722002A5A06 /* Frameworks */,
				85D1017A285B9722002A5A06 /* Resources */,
				F995DA7B105BC492411B7A11 /* [CP] Embed Pods Frameworks */,
			);
			buildRules = (
			);
			dependencies = (
			);
			name = tumblr;
			productName = tumblr;
			productReference = 85D1017C285B9722002A5A06 /* tumblr.app */;
			productType = "com.apple.product-type.application";
		};
		85D10196285B9723002A5A06 /* tumblrTests */ = {
			isa = PBXNativeTarget;
			buildConfigurationList = 85D101AE285B9723002A5A06 /* Build configuration list for PBXNativeTarget "tumblrTests" */;
			buildPhases = (
				846649BB05B8FE475B888BF1 /* [CP] Check Pods Manifest.lock */,
				85D10193285B9723002A5A06 /* Sources */,
				85D10194285B9723002A5A06 /* Frameworks */,
				85D10195285B9723002A5A06 /* Resources */,
			);
			buildRules = (
			);
			dependencies = (
				85D10199285B9723002A5A06 /* PBXTargetDependency */,
			);
			name = tumblrTests;
			productName = tumblrTests;
			productReference = 85D10197285B9723002A5A06 /* tumblrTests.xctest */;
			productType = "com.apple.product-type.bundle.unit-test";
		};
		85D101A0285B9723002A5A06 /* tumblrUITests */ = {
			isa = PBXNativeTarget;
			buildConfigurationList = 85D101B1285B9723002A5A06 /* Build configuration list for PBXNativeTarget "tumblrUITests" */;
			buildPhases = (
				010D24270414049C10F00963 /* [CP] Check Pods Manifest.lock */,
				85D1019D285B9723002A5A06 /* Sources */,
				85D1019E285B9723002A5A06 /* Frameworks */,
				85D1019F285B9723002A5A06 /* Resources */,
				E124B919D5E1D68DEA54D4D0 /* [CP] Embed Pods Frameworks */,
			);
			buildRules = (
			);
			dependencies = (
				85D101A3285B9723002A5A06 /* PBXTargetDependency */,
			);
			name = tumblrUITests;
			productName = tumblrUITests;
			productReference = 85D101A1285B9723002A5A06 /* tumblrUITests.xctest */;
			productType = "com.apple.product-type.bundle.ui-testing";
		};
/* End PBXNativeTarget section */

/* Begin PBXProject section */
		85D10174285B9722002A5A06 /* Project object */ = {
			isa = PBXProject;
			attributes = {
				BuildIndependentTargetsInParallel = 1;
				LastUpgradeCheck = 1340;
				TargetAttributes = {
					85D1017B285B9722002A5A06 = {
						CreatedOnToolsVersion = 13.4;
					};
					85D10196285B9723002A5A06 = {
						CreatedOnToolsVersion = 13.4;
						TestTargetID = 85D1017B285B9722002A5A06;
					};
					85D101A0285B9723002A5A06 = {
						CreatedOnToolsVersion = 13.4;
						TestTargetID = 85D1017B285B9722002A5A06;
					};
				};
			};
			buildConfigurationList = 85D10177285B9722002A5A06 /* Build configuration list for PBXProject "tumblr" */;
			compatibilityVersion = "Xcode 13.0";
			developmentRegion = en;
			hasScannedForEncodings = 0;
			knownRegions = (
				en,
				Base,
			);
			mainGroup = 85D10173285B9722002A5A06;
			productRefGroup = 85D1017D285B9722002A5A06 /* Products */;
			projectDirPath = "";
			projectRoot = "";
			targets = (
				85D1017B285B9722002A5A06 /* tumblr */,
				85D10196285B9723002A5A06 /* tumblrTests */,
				85D101A0285B9723002A5A06 /* tumblrUITests */,
			);
		};
/* End PBXProject section */

/* Begin PBXResourcesBuildPhase section */
		85D1017A285B9722002A5A06 /* Resources */ = {
			isa = PBXResourcesBuildPhase;
			buildActionMask = 2147483647;
			files = (
				85D1018F285B9723002A5A06 /* LaunchScreen.storyboard in Resources */,
				85D1018C285B9723002A5A06 /* Assets.xcassets in Resources */,
				85D1018A285B9722002A5A06 /* Main.storyboard in Resources */,
			);
			runOnlyForDeploymentPostprocessing = 0;
		};
		85D10195285B9723002A5A06 /* Resources */ = {
			isa = PBXResourcesBuildPhase;
			buildActionMask = 2147483647;
			files = (
			);
			runOnlyForDeploymentPostprocessing = 0;
		};
		85D1019F285B9723002A5A06 /* Resources */ = {
			isa = PBXResourcesBuildPhase;
			buildActionMask = 2147483647;
			files = (
			);
			runOnlyForDeploymentPostprocessing = 0;
		};
/* End PBXResourcesBuildPhase section */

/* Begin PBXShellScriptBuildPhase section */
		010D24270414049C10F00963 /* [CP] Check Pods Manifest.lock */ = {
			isa = PBXShellScriptBuildPhase;
			buildActionMask = 2147483647;
			files = (
			);
			inputFileListPaths = (
			);
			inputPaths = (
				"${PODS_PODFILE_DIR_PATH}/Podfile.lock",
				"${PODS_ROOT}/Manifest.lock",
			);
			name = "[CP] Check Pods Manifest.lock";
			outputFileListPaths = (
			);
			outputPaths = (
				"$(DERIVED_FILE_DIR)/Pods-tumblr-tumblrUITests-checkManifestLockResult.txt",
			);
			runOnlyForDeploymentPostprocessing = 0;
			shellPath = /bin/sh;
			shellScript = "diff \"${PODS_PODFILE_DIR_PATH}/Podfile.lock\" \"${PODS_ROOT}/Manifest.lock\" > /dev/null\nif [ $? != 0 ] ; then\n    # print error to STDERR\n    echo \"error: The sandbox is not in sync with the Podfile.lock. Run 'pod install' or update your CocoaPods installation.\" >&2\n    exit 1\nfi\n# This output is used by Xcode 'outputs' to avoid re-running this script phase.\necho \"SUCCESS\" > \"${SCRIPT_OUTPUT_FILE_0}\"\n";
			showEnvVarsInLog = 0;
		};
		2D5CF05DE695CE94141FD663 /* [CP] Check Pods Manifest.lock */ = {
			isa = PBXShellScriptBuildPhase;
			buildActionMask = 2147483647;
			files = (
			);
			inputFileListPaths = (
			);
			inputPaths = (
				"${PODS_PODFILE_DIR_PATH}/Podfile.lock",
				"${PODS_ROOT}/Manifest.lock",
			);
			name = "[CP] Check Pods Manifest.lock";
			outputFileListPaths = (
			);
			outputPaths = (
				"$(DERIVED_FILE_DIR)/Pods-tumblr-checkManifestLockResult.txt",
			);
			runOnlyForDeploymentPostprocessing = 0;
			shellPath = /bin/sh;
			shellScript = "diff \"${PODS_PODFILE_DIR_PATH}/Podfile.lock\" \"${PODS_ROOT}/Manifest.lock\" > /dev/null\nif [ $? != 0 ] ; then\n    # print error to STDERR\n    echo \"error: The sandbox is not in sync with the Podfile.lock. Run 'pod install' or update your CocoaPods installation.\" >&2\n    exit 1\nfi\n# This output is used by Xcode 'outputs' to avoid re-running this script phase.\necho \"SUCCESS\" > \"${SCRIPT_OUTPUT_FILE_0}\"\n";
			showEnvVarsInLog = 0;
		};
		846649BB05B8FE475B888BF1 /* [CP] Check Pods Manifest.lock */ = {
			isa = PBXShellScriptBuildPhase;
			buildActionMask = 2147483647;
			files = (
			);
			inputFileListPaths = (
			);
			inputPaths = (
				"${PODS_PODFILE_DIR_PATH}/Podfile.lock",
				"${PODS_ROOT}/Manifest.lock",
			);
			name = "[CP] Check Pods Manifest.lock";
			outputFileListPaths = (
			);
			outputPaths = (
				"$(DERIVED_FILE_DIR)/Pods-tumblrTests-checkManifestLockResult.txt",
			);
			runOnlyForDeploymentPostprocessing = 0;
			shellPath = /bin/sh;
			shellScript = "diff \"${PODS_PODFILE_DIR_PATH}/Podfile.lock\" \"${PODS_ROOT}/Manifest.lock\" > /dev/null\nif [ $? != 0 ] ; then\n    # print error to STDERR\n    echo \"error: The sandbox is not in sync with the Podfile.lock. Run 'pod install' or update your CocoaPods installation.\" >&2\n    exit 1\nfi\n# This output is used by Xcode 'outputs' to avoid re-running this script phase.\necho \"SUCCESS\" > \"${SCRIPT_OUTPUT_FILE_0}\"\n";
			showEnvVarsInLog = 0;
		};
		E124B919D5E1D68DEA54D4D0 /* [CP] Embed Pods Frameworks */ = {
			isa = PBXShellScriptBuildPhase;
			buildActionMask = 2147483647;
			files = (
			);
			inputFileListPaths = (
				"${PODS_ROOT}/Target Support Files/Pods-tumblr-tumblrUITests/Pods-tumblr-tumblrUITests-frameworks-${CONFIGURATION}-input-files.xcfilelist",
			);
			name = "[CP] Embed Pods Frameworks";
			outputFileListPaths = (
				"${PODS_ROOT}/Target Support Files/Pods-tumblr-tumblrUITests/Pods-tumblr-tumblrUITests-frameworks-${CONFIGURATION}-output-files.xcfilelist",
			);
			runOnlyForDeploymentPostprocessing = 0;
			shellPath = /bin/sh;
			shellScript = "\"${PODS_ROOT}/Target Support Files/Pods-tumblr-tumblrUITests/Pods-tumblr-tumblrUITests-frameworks.sh\"\n";
			showEnvVarsInLog = 0;
		};
		F995DA7B105BC492411B7A11 /* [CP] Embed Pods Frameworks */ = {
			isa = PBXShellScriptBuildPhase;
			buildActionMask = 2147483647;
			files = (
			);
			inputFileListPaths = (
				"${PODS_ROOT}/Target Support Files/Pods-tumblr/Pods-tumblr-frameworks-${CONFIGURATION}-input-files.xcfilelist",
			);
			name = "[CP] Embed Pods Frameworks";
			outputFileListPaths = (
				"${PODS_ROOT}/Target Support Files/Pods-tumblr/Pods-tumblr-frameworks-${CONFIGURATION}-output-files.xcfilelist",
			);
			runOnlyForDeploymentPostprocessing = 0;
			shellPath = /bin/sh;
			shellScript = "\"${PODS_ROOT}/Target Support Files/Pods-tumblr/Pods-tumblr-frameworks.sh\"\n";
			showEnvVarsInLog = 0;
		};
/* End PBXShellScriptBuildPhase section */

/* Begin PBXSourcesBuildPhase section */
		85D10178285B9722002A5A06 /* Sources */ = {
			isa = PBXSourcesBuildPhase;
			buildActionMask = 2147483647;
			files = (
				85D10181285B9722002A5A06 /* AppDelegate.m in Sources */,
				85D101BC285B9D3E002A5A06 /* PhotoCell.m in Sources */,
				85D101B9285B988B002A5A06 /* PhotosViewController.m in Sources */,
				85D10192285B9723002A5A06 /* main.m in Sources */,
				85D10184285B9722002A5A06 /* SceneDelegate.m in Sources */,
			);
			runOnlyForDeploymentPostprocessing = 0;
		};
		85D10193285B9723002A5A06 /* Sources */ = {
			isa = PBXSourcesBuildPhase;
			buildActionMask = 2147483647;
			files = (
				85D1019C285B9723002A5A06 /* tumblrTests.m in Sources */,
			);
			runOnlyForDeploymentPostprocessing = 0;
		};
		85D1019D285B9723002A5A06 /* Sources */ = {
			isa = PBXSourcesBuildPhase;
			buildActionMask = 2147483647;
			files = (
				85D101A8285B9723002A5A06 /* tumblrUITestsLaunchTests.m in Sources */,
				85D101A6285B9723002A5A06 /* tumblrUITests.m in Sources */,
			);
			runOnlyForDeploymentPostprocessing = 0;
		};
/* End PBXSourcesBuildPhase section */

/* Begin PBXTargetDependency section */
		85D10199285B9723002A5A06 /* PBXTargetDependency */ = {
			isa = PBXTargetDependency;
			target = 85D1017B285B9722002A5A06 /* tumblr */;
			targetProxy = 85D10198285B9723002A5A06 /* PBXContainerItemProxy */;
		};
		85D101A3285B9723002A5A06 /* PBXTargetDependency */ = {
			isa = PBXTargetDependency;
			target = 85D1017B285B9722002A5A06 /* tumblr */;
			targetProxy = 85D101A2285B9723002A5A06 /* PBXContainerItemProxy */;
		};
/* End PBXTargetDependency section */

/* Begin PBXVariantGroup section */
		85D10188285B9722002A5A06 /* Main.storyboard */ = {
			isa = PBXVariantGroup;
			children = (
				85D10189285B9722002A5A06 /* Base */,
			);
			name = Main.storyboard;
			sourceTree = "<group>";
		};
		85D1018D285B9723002A5A06 /* LaunchScreen.storyboard */ = {
			isa = PBXVariantGroup;
			children = (
				85D1018E285B9723002A5A06 /* Base */,
			);
			name = LaunchScreen.storyboard;
			sourceTree = "<group>";
		};
/* End PBXVariantGroup section */

/* Begin XCBuildConfiguration section */
		85D101A9285B9723002A5A06 /* Debug */ = {
			isa = XCBuildConfiguration;
			buildSettings = {
				ALWAYS_SEARCH_USER_PATHS = NO;
				CLANG_ANALYZER_NONNULL = YES;
				CLANG_ANALYZER_NUMBER_OBJECT_CONVERSION = YES_AGGRESSIVE;
				CLANG_CXX_LANGUAGE_STANDARD = "gnu++17";
				CLANG_ENABLE_MODULES = YES;
				CLANG_ENABLE_OBJC_ARC = YES;
				CLANG_ENABLE_OBJC_WEAK = YES;
				CLANG_WARN_BLOCK_CAPTURE_AUTORELEASING = YES;
				CLANG_WARN_BOOL_CONVERSION = YES;
				CLANG_WARN_COMMA = YES;
				CLANG_WARN_CONSTANT_CONVERSION = YES;
				CLANG_WARN_DEPRECATED_OBJC_IMPLEMENTATIONS = YES;
				CLANG_WARN_DIRECT_OBJC_ISA_USAGE = YES_ERROR;
				CLANG_WARN_DOCUMENTATION_COMMENTS = YES;
				CLANG_WARN_EMPTY_BODY = YES;
				CLANG_WARN_ENUM_CONVERSION = YES;
				CLANG_WARN_INFINITE_RECURSION = YES;
				CLANG_WARN_INT_CONVERSION = YES;
				CLANG_WARN_NON_LITERAL_NULL_CONVERSION = YES;
				CLANG_WARN_OBJC_IMPLICIT_RETAIN_SELF = YES;
				CLANG_WARN_OBJC_LITERAL_CONVERSION = YES;
				CLANG_WARN_OBJC_ROOT_CLASS = YES_ERROR;
				CLANG_WARN_QUOTED_INCLUDE_IN_FRAMEWORK_HEADER = YES;
				CLANG_WARN_RANGE_LOOP_ANALYSIS = YES;
				CLANG_WARN_STRICT_PROTOTYPES = YES;
				CLANG_WARN_SUSPICIOUS_MOVE = YES;
				CLANG_WARN_UNGUARDED_AVAILABILITY = YES_AGGRESSIVE;
				CLANG_WARN_UNREACHABLE_CODE = YES;
				CLANG_WARN__DUPLICATE_METHOD_MATCH = YES;
				COPY_PHASE_STRIP = NO;
				DEBUG_INFORMATION_FORMAT = dwarf;
				ENABLE_STRICT_OBJC_MSGSEND = YES;
				ENABLE_TESTABILITY = YES;
				GCC_C_LANGUAGE_STANDARD = gnu11;
				GCC_DYNAMIC_NO_PIC = NO;
				GCC_NO_COMMON_BLOCKS = YES;
				GCC_OPTIMIZATION_LEVEL = 0;
				GCC_PREPROCESSOR_DEFINITIONS = (
					"DEBUG=1",
					"$(inherited)",
				);
				GCC_WARN_64_TO_32_BIT_CONVERSION = YES;
				GCC_WARN_ABOUT_RETURN_TYPE = YES_ERROR;
				GCC_WARN_UNDECLARED_SELECTOR = YES;
				GCC_WARN_UNINITIALIZED_AUTOS = YES_AGGRESSIVE;
				GCC_WARN_UNUSED_FUNCTION = YES;
				GCC_WARN_UNUSED_VARIABLE = YES;
				IPHONEOS_DEPLOYMENT_TARGET = 15.5;
				MTL_ENABLE_DEBUG_INFO = INCLUDE_SOURCE;
				MTL_FAST_MATH = YES;
				ONLY_ACTIVE_ARCH = YES;
				SDKROOT = iphoneos;
			};
			name = Debug;
		};
		85D101AA285B9723002A5A06 /* Release */ = {
			isa = XCBuildConfiguration;
			buildSettings = {
				ALWAYS_SEARCH_USER_PATHS = NO;
				CLANG_ANALYZER_NONNULL = YES;
				CLANG_ANALYZER_NUMBER_OBJECT_CONVERSION = YES_AGGRESSIVE;
				CLANG_CXX_LANGUAGE_STANDARD = "gnu++17";
				CLANG_ENABLE_MODULES = YES;
				CLANG_ENABLE_OBJC_ARC = YES;
				CLANG_ENABLE_OBJC_WEAK = YES;
				CLANG_WARN_BLOCK_CAPTURE_AUTORELEASING = YES;
				CLANG_WARN_BOOL_CONVERSION = YES;
				CLANG_WARN_COMMA = YES;
				CLANG_WARN_CONSTANT_CONVERSION = YES;
				CLANG_WARN_DEPRECATED_OBJC_IMPLEMENTATIONS = YES;
				CLANG_WARN_DIRECT_OBJC_ISA_USAGE = YES_ERROR;
				CLANG_WARN_DOCUMENTATION_COMMENTS = YES;
				CLANG_WARN_EMPTY_BODY = YES;
				CLANG_WARN_ENUM_CONVERSION = YES;
				CLANG_WARN_INFINITE_RECURSION = YES;
				CLANG_WARN_INT_CONVERSION = YES;
				CLANG_WARN_NON_LITERAL_NULL_CONVERSION = YES;
				CLANG_WARN_OBJC_IMPLICIT_RETAIN_SELF = YES;
				CLANG_WARN_OBJC_LITERAL_CONVERSION = YES;
				CLANG_WARN_OBJC_ROOT_CLASS = YES_ERROR;
				CLANG_WARN_QUOTED_INCLUDE_IN_FRAMEWORK_HEADER = YES;
				CLANG_WARN_RANGE_LOOP_ANALYSIS = YES;
				CLANG_WARN_STRICT_PROTOTYPES = YES;
				CLANG_WARN_SUSPICIOUS_MOVE = YES;
				CLANG_WARN_UNGUARDED_AVAILABILITY = YES_AGGRESSIVE;
				CLANG_WARN_UNREACHABLE_CODE = YES;
				CLANG_WARN__DUPLICATE_METHOD_MATCH = YES;
				COPY_PHASE_STRIP = NO;
				DEBUG_INFORMATION_FORMAT = "dwarf-with-dsym";
				ENABLE_NS_ASSERTIONS = NO;
				ENABLE_STRICT_OBJC_MSGSEND = YES;
				GCC_C_LANGUAGE_STANDARD = gnu11;
				GCC_NO_COMMON_BLOCKS = YES;
				GCC_WARN_64_TO_32_BIT_CONVERSION = YES;
				GCC_WARN_ABOUT_RETURN_TYPE = YES_ERROR;
				GCC_WARN_UNDECLARED_SELECTOR = YES;
				GCC_WARN_UNINITIALIZED_AUTOS = YES_AGGRESSIVE;
				GCC_WARN_UNUSED_FUNCTION = YES;
				GCC_WARN_UNUSED_VARIABLE = YES;
				IPHONEOS_DEPLOYMENT_TARGET = 15.5;
				MTL_ENABLE_DEBUG_INFO = NO;
				MTL_FAST_MATH = YES;
				SDKROOT = iphoneos;
				VALIDATE_PRODUCT = YES;
			};
			name = Release;
		};
		85D101AC285B9723002A5A06 /* Debug */ = {
			isa = XCBuildConfiguration;
			baseConfigurationReference = 5C29EE3E5D80AF7B26D43B83 /* Pods-tumblr.debug.xcconfig */;
			buildSettings = {
				ASSETCATALOG_COMPILER_APPICON_NAME = AppIcon;
				ASSETCATALOG_COMPILER_GLOBAL_ACCENT_COLOR_NAME = AccentColor;
				CODE_SIGN_STYLE = Automatic;
				CURRENT_PROJECT_VERSION = 1;
				GENERATE_INFOPLIST_FILE = YES;
				INFOPLIST_FILE = tumblr/Info.plist;
				INFOPLIST_KEY_UIApplicationSupportsIndirectInputEvents = YES;
				INFOPLIST_KEY_UILaunchStoryboardName = LaunchScreen;
				INFOPLIST_KEY_UIMainStoryboardFile = Main;
				INFOPLIST_KEY_UISupportedInterfaceOrientations_iPad = "UIInterfaceOrientationPortrait UIInterfaceOrientationPortraitUpsideDown UIInterfaceOrientationLandscapeLeft UIInterfaceOrientationLandscapeRight";
				INFOPLIST_KEY_UISupportedInterfaceOrientations_iPhone = "UIInterfaceOrientationPortrait UIInterfaceOrientationLandscapeLeft UIInterfaceOrientationLandscapeRight";
				LD_RUNPATH_SEARCH_PATHS = (
					"$(inherited)",
					"@executable_path/Frameworks",
				);
				MARKETING_VERSION = 1.0;
				PRODUCT_BUNDLE_IDENTIFIER = com.shirleyzhu.tumblr;
				PRODUCT_NAME = "$(TARGET_NAME)";
				SWIFT_EMIT_LOC_STRINGS = YES;
				TARGETED_DEVICE_FAMILY = "1,2";
			};
			name = Debug;
		};
		85D101AD285B9723002A5A06 /* Release */ = {
			isa = XCBuildConfiguration;
			baseConfigurationReference = C74ADE5DB90956FA420FD1FF /* Pods-tumblr.release.xcconfig */;
			buildSettings = {
				ASSETCATALOG_COMPILER_APPICON_NAME = AppIcon;
				ASSETCATALOG_COMPILER_GLOBAL_ACCENT_COLOR_NAME = AccentColor;
				CODE_SIGN_STYLE = Automatic;
				CURRENT_PROJECT_VERSION = 1;
				GENERATE_INFOPLIST_FILE = YES;
				INFOPLIST_FILE = tumblr/Info.plist;
				INFOPLIST_KEY_UIApplicationSupportsIndirectInputEvents = YES;
				INFOPLIST_KEY_UILaunchStoryboardName = LaunchScreen;
				INFOPLIST_KEY_UIMainStoryboardFile = Main;
				INFOPLIST_KEY_UISupportedInterfaceOrientations_iPad = "UIInterfaceOrientationPortrait UIInterfaceOrientationPortraitUpsideDown UIInterfaceOrientationLandscapeLeft UIInterfaceOrientationLandscapeRight";
				INFOPLIST_KEY_UISupportedInterfaceOrientations_iPhone = "UIInterfaceOrientationPortrait UIInterfaceOrientationLandscapeLeft UIInterfaceOrientationLandscapeRight";
				LD_RUNPATH_SEARCH_PATHS = (
					"$(inherited)",
					"@executable_path/Frameworks",
				);
				MARKETING_VERSION = 1.0;
				PRODUCT_BUNDLE_IDENTIFIER = com.shirleyzhu.tumblr;
				PRODUCT_NAME = "$(TARGET_NAME)";
				SWIFT_EMIT_LOC_STRINGS = YES;
				TARGETED_DEVICE_FAMILY = "1,2";
			};
			name = Release;
		};
		85D101AF285B9723002A5A06 /* Debug */ = {
			isa = XCBuildConfiguration;
			baseConfigurationReference = 7ABF6DD5284B3C412FA6B3B2 /* Pods-tumblrTests.debug.xcconfig */;
			buildSettings = {
				BUNDLE_LOADER = "$(TEST_HOST)";
				CODE_SIGN_STYLE = Automatic;
				CURRENT_PROJECT_VERSION = 1;
				GENERATE_INFOPLIST_FILE = YES;
				IPHONEOS_DEPLOYMENT_TARGET = 15.5;
				MARKETING_VERSION = 1.0;
				PRODUCT_BUNDLE_IDENTIFIER = com.shirleyzhu.tumblrTests;
				PRODUCT_NAME = "$(TARGET_NAME)";
				SWIFT_EMIT_LOC_STRINGS = NO;
				TARGETED_DEVICE_FAMILY = "1,2";
				TEST_HOST = "$(BUILT_PRODUCTS_DIR)/tumblr.app/tumblr";
			};
			name = Debug;
		};
		85D101B0285B9723002A5A06 /* Release */ = {
			isa = XCBuildConfiguration;
			baseConfigurationReference = F42CC0F9E72FB6CD18A3994C /* Pods-tumblrTests.release.xcconfig */;
			buildSettings = {
				BUNDLE_LOADER = "$(TEST_HOST)";
				CODE_SIGN_STYLE = Automatic;
				CURRENT_PROJECT_VERSION = 1;
				GENERATE_INFOPLIST_FILE = YES;
				IPHONEOS_DEPLOYMENT_TARGET = 15.5;
				MARKETING_VERSION = 1.0;
				PRODUCT_BUNDLE_IDENTIFIER = com.shirleyzhu.tumblrTests;
				PRODUCT_NAME = "$(TARGET_NAME)";
				SWIFT_EMIT_LOC_STRINGS = NO;
				TARGETED_DEVICE_FAMILY = "1,2";
				TEST_HOST = "$(BUILT_PRODUCTS_DIR)/tumblr.app/tumblr";
			};
			name = Release;
		};
		85D101B2285B9723002A5A06 /* Debug */ = {
			isa = XCBuildConfiguration;
			baseConfigurationReference = 3E593E75E812517D809F1E59 /* Pods-tumblr-tumblrUITests.debug.xcconfig */;
			buildSettings = {
				CODE_SIGN_STYLE = Automatic;
				CURRENT_PROJECT_VERSION = 1;
				GENERATE_INFOPLIST_FILE = YES;
				MARKETING_VERSION = 1.0;
				PRODUCT_BUNDLE_IDENTIFIER = com.shirleyzhu.tumblrUITests;
				PRODUCT_NAME = "$(TARGET_NAME)";
				SWIFT_EMIT_LOC_STRINGS = NO;
				TARGETED_DEVICE_FAMILY = "1,2";
				TEST_TARGET_NAME = tumblr;
			};
			name = Debug;
		};
		85D101B3285B9723002A5A06 /* Release */ = {
			isa = XCBuildConfiguration;
			baseConfigurationReference = D3EEE532955915411719688B /* Pods-tumblr-tumblrUITests.release.xcconfig */;
			buildSettings = {
				CODE_SIGN_STYLE = Automatic;
				CURRENT_PROJECT_VERSION = 1;
				GENERATE_INFOPLIST_FILE = YES;
				MARKETING_VERSION = 1.0;
				PRODUCT_BUNDLE_IDENTIFIER = com.shirleyzhu.tumblrUITests;
				PRODUCT_NAME = "$(TARGET_NAME)";
				SWIFT_EMIT_LOC_STRINGS = NO;
				TARGETED_DEVICE_FAMILY = "1,2";
				TEST_TARGET_NAME = tumblr;
			};
			name = Release;
		};
/* End XCBuildConfiguration section */

/* Begin XCConfigurationList section */
		85D10177285B9722002A5A06 /* Build configuration list for PBXProject "tumblr" */ = {
			isa = XCConfigurationList;
			buildConfigurations = (
				85D101A9285B9723002A5A06 /* Debug */,
				85D101AA285B9723002A5A06 /* Release */,
			);
			defaultConfigurationIsVisible = 0;
			defaultConfigurationName = Release;
		};
		85D101AB285B9723002A5A06 /* Build configuration list for PBXNativeTarget "tumblr" */ = {
			isa = XCConfigurationList;
			buildConfigurations = (
				85D101AC285B9723002A5A06 /* Debug */,
				85D101AD285B9723002A5A06 /* Release */,
			);
			defaultConfigurationIsVisible = 0;
			defaultConfigurationName = Release;
		};
		85D101AE285B9723002A5A06 /* Build configuration list for PBXNativeTarget "tumblrTests" */ = {
			isa = XCConfigurationList;
			buildConfigurations = (
				85D101AF285B9723002A5A06 /* Debug */,
				85D101B0285B9723002A5A06 /* Release */,
			);
			defaultConfigurationIsVisible = 0;
			defaultConfigurationName = Release;
		};
		85D101B1285B9723002A5A06 /* Build configuration list for PBXNativeTarget "tumblrUITests" */ = {
			isa = XCConfigurationList;
			buildConfigurations = (
				85D101B2285B9723002A5A06 /* Debug */,
				85D101B3285B9723002A5A06 /* Release */,
			);
			defaultConfigurationIsVisible = 0;
			defaultConfigurationName = Release;
		};
/* End XCConfigurationList section */
	};
	rootObject = 85D10174285B9722002A5A06 /* Project object */;
}
